// !$*UTF8*$!
{
	archiveVersion = 1;
	classes = {
	};
	objectVersion = 46;
	objects = {

/* Begin PBXBuildFile section */
		2F0E0FDE192D3B6A00C57C19 /* WHheader.png in Resources */ = {isa = PBXBuildFile; fileRef = 2F0E0FDD192D3B6A00C57C19 /* WHheader.png */; };
		2F0E0FE4192D41B600C57C19 /* pages.png in Resources */ = {isa = PBXBuildFile; fileRef = 2F0E0FE3192D41B600C57C19 /* pages.png */; };
		2F0E0FE6192D52C100C57C19 /* articlesH.png in Resources */ = {isa = PBXBuildFile; fileRef = 2F0E0FE5192D52C100C57C19 /* articlesH.png */; };
		2F8FCF2F192BA773001B2A2B /* articlesIcon.png in Resources */ = {isa = PBXBuildFile; fileRef = 2F8FCF2D192BA773001B2A2B /* articlesIcon.png */; };
		2F8FCF30192BA773001B2A2B /* authorIcon.png in Resources */ = {isa = PBXBuildFile; fileRef = 2F8FCF2E192BA773001B2A2B /* authorIcon.png */; };
		2F8FCF36192BAB26001B2A2B /* Icon29.png in Resources */ = {isa = PBXBuildFile; fileRef = 2F8FCF33192BAB26001B2A2B /* Icon29.png */; };
		2F8FCF37192BAB26001B2A2B /* Icon40.png in Resources */ = {isa = PBXBuildFile; fileRef = 2F8FCF34192BAB26001B2A2B /* Icon40.png */; };
		2F8FCF38192BAB26001B2A2B /* Icon76.png in Resources */ = {isa = PBXBuildFile; fileRef = 2F8FCF35192BAB26001B2A2B /* Icon76.png */; };
		2F8FCF3C192BACA9001B2A2B /* Icon29-2.png in Resources */ = {isa = PBXBuildFile; fileRef = 2F8FCF39192BACA9001B2A2B /* Icon29-2.png */; };
		2F8FCF3D192BACA9001B2A2B /* Icon40-2.png in Resources */ = {isa = PBXBuildFile; fileRef = 2F8FCF3A192BACA9001B2A2B /* Icon40-2.png */; };
		2F8FCF3E192BACA9001B2A2B /* Icon76-2.png in Resources */ = {isa = PBXBuildFile; fileRef = 2F8FCF3B192BACA9001B2A2B /* Icon76-2.png */; };
		2F9A660C1923C1F2000A6910 /* Default.png in Resources */ = {isa = PBXBuildFile; fileRef = 2F9A660B1923C1F2000A6910 /* Default.png */; };
		2F9A660E1923C46C000A6910 /* Default@2x.png in Resources */ = {isa = PBXBuildFile; fileRef = 2F9A660D1923C46C000A6910 /* Default@2x.png */; };
		3F0BFE401921557D0062159E /* Foundation.framework in Frameworks */ = {isa = PBXBuildFile; fileRef = 3F0BFE3F1921557D0062159E /* Foundation.framework */; };
		3F0BFE421921557D0062159E /* CoreGraphics.framework in Frameworks */ = {isa = PBXBuildFile; fileRef = 3F0BFE411921557D0062159E /* CoreGraphics.framework */; };
		3F0BFE441921557D0062159E /* UIKit.framework in Frameworks */ = {isa = PBXBuildFile; fileRef = 3F0BFE431921557D0062159E /* UIKit.framework */; };
		3F0BFE4A1921557D0062159E /* InfoPlist.strings in Resources */ = {isa = PBXBuildFile; fileRef = 3F0BFE481921557D0062159E /* InfoPlist.strings */; };
		3F0BFE4C1921557D0062159E /* main.m in Sources */ = {isa = PBXBuildFile; fileRef = 3F0BFE4B1921557D0062159E /* main.m */; };
		3F0BFE501921557D0062159E /* AppDelegate.m in Sources */ = {isa = PBXBuildFile; fileRef = 3F0BFE4F1921557D0062159E /* AppDelegate.m */; };
		3F0BFE521921557D0062159E /* Images.xcassets in Resources */ = {isa = PBXBuildFile; fileRef = 3F0BFE511921557D0062159E /* Images.xcassets */; };
		3F0BFE591921557D0062159E /* XCTest.framework in Frameworks */ = {isa = PBXBuildFile; fileRef = 3F0BFE581921557D0062159E /* XCTest.framework */; };
		3F0BFE5A1921557D0062159E /* Foundation.framework in Frameworks */ = {isa = PBXBuildFile; fileRef = 3F0BFE3F1921557D0062159E /* Foundation.framework */; };
		3F0BFE5B1921557D0062159E /* UIKit.framework in Frameworks */ = {isa = PBXBuildFile; fileRef = 3F0BFE431921557D0062159E /* UIKit.framework */; };
		3F0BFE631921557D0062159E /* InfoPlist.strings in Resources */ = {isa = PBXBuildFile; fileRef = 3F0BFE611921557D0062159E /* InfoPlist.strings */; };
		3F0BFE651921557D0062159E /* WHWriterAppTests.m in Sources */ = {isa = PBXBuildFile; fileRef = 3F0BFE641921557D0062159E /* WHWriterAppTests.m */; };
		3F0BFE7019215F560062159E /* ViewController.m in Sources */ = {isa = PBXBuildFile; fileRef = 3F0BFE6F19215F560062159E /* ViewController.m */; };
		3F0BFE73192164D40062159E /* LoginView.m in Sources */ = {isa = PBXBuildFile; fileRef = 3F0BFE72192164D40062159E /* LoginView.m */; };
		3F0BFE78192191FA0062159E /* TableViewController.m in Sources */ = {isa = PBXBuildFile; fileRef = 3F0BFE77192191FA0062159E /* TableViewController.m */; };
		3F0BFE7B192194E50062159E /* NavController.m in Sources */ = {isa = PBXBuildFile; fileRef = 3F0BFE7A192194E50062159E /* NavController.m */; };
		3F621AF519266401007355B5 /* AuthorInfoViewController.m in Sources */ = {isa = PBXBuildFile; fileRef = 3F621AF319266401007355B5 /* AuthorInfoViewController.m */; };
		3F621AF619266401007355B5 /* AuthorInfoViewController.xib in Resources */ = {isa = PBXBuildFile; fileRef = 3F621AF419266401007355B5 /* AuthorInfoViewController.xib */; };
		A023E84B192513EE0031C3B0 /* MainTableViewCell.m in Sources */ = {isa = PBXBuildFile; fileRef = A023E849192513EE0031C3B0 /* MainTableViewCell.m */; };
		A023E84C192513EE0031C3B0 /* MainTableViewCell.xib in Resources */ = {isa = PBXBuildFile; fileRef = A023E84A192513EE0031C3B0 /* MainTableViewCell.xib */; };
		A023E84F192653910031C3B0 /* TokenAuthorIdObject.m in Sources */ = {isa = PBXBuildFile; fileRef = A023E84E192653910031C3B0 /* TokenAuthorIdObject.m */; };
		A08BF5C3192B9AEC00065044 /* Categories.m in Sources */ = {isa = PBXBuildFile; fileRef = A08BF5C2192B9AEC00065044 /* Categories.m */; };
		A08BF5D1192BA99500065044 /* StoryToEdit.m in Sources */ = {isa = PBXBuildFile; fileRef = A08BF5D0192BA99500065044 /* StoryToEdit.m */; };
		A08BF5D5192E48A800065044 /* PickerViewController.m in Sources */ = {isa = PBXBuildFile; fileRef = A08BF5D3192E48A800065044 /* PickerViewController.m */; };
		A08BF5D6192E48A800065044 /* PickerViewController.xib in Resources */ = {isa = PBXBuildFile; fileRef = A08BF5D4192E48A800065044 /* PickerViewController.xib */; };
		A08FB3021922815400A67BD7 /* ViewController.xib in Resources */ = {isa = PBXBuildFile; fileRef = A08FB3011922815400A67BD7 /* ViewController.xib */; };
		A08FB3061922825F00A67BD7 /* EditorViewController.m in Sources */ = {isa = PBXBuildFile; fileRef = A08FB3041922825F00A67BD7 /* EditorViewController.m */; };
		A08FB3071922825F00A67BD7 /* EditorViewController.xib in Resources */ = {isa = PBXBuildFile; fileRef = A08FB3051922825F00A67BD7 /* EditorViewController.xib */; };
		A08FB3101923B4FD00A67BD7 /* NSObject+ObjectMap.m in Sources */ = {isa = PBXBuildFile; fileRef = A08FB3091923B4FD00A67BD7 /* NSObject+ObjectMap.m */; };
		A08FB3111923B4FD00A67BD7 /* AuthorObject.m in Sources */ = {isa = PBXBuildFile; fileRef = A08FB30B1923B4FD00A67BD7 /* AuthorObject.m */; };
		A08FB3121923B4FD00A67BD7 /* CategoryObject.m in Sources */ = {isa = PBXBuildFile; fileRef = A08FB30D1923B4FD00A67BD7 /* CategoryObject.m */; };
		A08FB3131923B4FD00A67BD7 /* StoryObject.m in Sources */ = {isa = PBXBuildFile; fileRef = A08FB30F1923B4FD00A67BD7 /* StoryObject.m */; };
		A08FB3181923B5D600A67BD7 /* LoginRequestObject.m in Sources */ = {isa = PBXBuildFile; fileRef = A08FB3171923B5D600A67BD7 /* LoginRequestObject.m */; };
		A08FB31B1923B6AD00A67BD7 /* LoginResponseObject.m in Sources */ = {isa = PBXBuildFile; fileRef = A08FB31A1923B6AD00A67BD7 /* LoginResponseObject.m */; };
		A08FB31E1923BAFD00A67BD7 /* EditDTO.m in Sources */ = {isa = PBXBuildFile; fileRef = A08FB31D1923BAFD00A67BD7 /* EditDTO.m */; };
		A08FB3211923BB5A00A67BD7 /* AddDTO.m in Sources */ = {isa = PBXBuildFile; fileRef = A08FB3201923BB5A00A67BD7 /* AddDTO.m */; };
		A08FB3231923CFC800A67BD7 /* LoginView.xib in Resources */ = {isa = PBXBuildFile; fileRef = A08FB3221923CFC800A67BD7 /* LoginView.xib */; };
		C362A8C1192D90280073873C /* categArrow.png in Resources */ = {isa = PBXBuildFile; fileRef = C362A8C0192D90280073873C /* categArrow.png */; };
		C362A8C5192D9DD50073873C /* TextViewController.m in Sources */ = {isa = PBXBuildFile; fileRef = C362A8C3192D9DD50073873C /* TextViewController.m */; };
		C362A8C6192D9DD50073873C /* TextViewController.xib in Resources */ = {isa = PBXBuildFile; fileRef = C362A8C4192D9DD50073873C /* TextViewController.xib */; };
		C3B756A019270B47009175B4 /* JVFloatLabeledTextView.m in Sources */ = {isa = PBXBuildFile; fileRef = C3B7569F19270B47009175B4 /* JVFloatLabeledTextView.m */; };
		C3B756A8192A53BB009175B4 /* EditorTextViewCell.m in Sources */ = {isa = PBXBuildFile; fileRef = C3B756A6192A53BB009175B4 /* EditorTextViewCell.m */; };
		C3B756A9192A53BB009175B4 /* EditorTextViewCell.xib in Resources */ = {isa = PBXBuildFile; fileRef = C3B756A7192A53BB009175B4 /* EditorTextViewCell.xib */; };
		C3B756C1192D2110009175B4 /* CategoryButtonCell.m in Sources */ = {isa = PBXBuildFile; fileRef = C3B756BF192D2110009175B4 /* CategoryButtonCell.m */; };
		C3B756C2192D2110009175B4 /* CategoryButtonCell.xib in Resources */ = {isa = PBXBuildFile; fileRef = C3B756C0192D2110009175B4 /* CategoryButtonCell.xib */; };
		C3B756C4192D2CDE009175B4 /* editButton.png in Resources */ = {isa = PBXBuildFile; fileRef = C3B756C3192D2CDE009175B4 /* editButton.png */; };
		C3B7937D19265D6100B4281A /* JVFloatLabeledTextField.m in Sources */ = {isa = PBXBuildFile; fileRef = C3B7937C19265D6100B4281A /* JVFloatLabeledTextField.m */; };
		C3BBF71D19251F0900B26255 /* EditorTableViewCell.m in Sources */ = {isa = PBXBuildFile; fileRef = C3BBF71B19251F0900B26255 /* EditorTableViewCell.m */; };
		C3BBF71E19251F0900B26255 /* EditorTableViewCell.xib in Resources */ = {isa = PBXBuildFile; fileRef = C3BBF71C19251F0900B26255 /* EditorTableViewCell.xib */; };
/* End PBXBuildFile section */

/* Begin PBXContainerItemProxy section */
		3F0BFE5C1921557D0062159E /* PBXContainerItemProxy */ = {
			isa = PBXContainerItemProxy;
			containerPortal = 3F0BFE341921557D0062159E /* Project object */;
			proxyType = 1;
			remoteGlobalIDString = 3F0BFE3B1921557D0062159E;
			remoteInfo = WHWriterApp;
		};
/* End PBXContainerItemProxy section */

/* Begin PBXFileReference section */
		2F0E0FDD192D3B6A00C57C19 /* WHheader.png */ = {isa = PBXFileReference; lastKnownFileType = image.png; path = WHheader.png; sourceTree = "<group>"; };
		2F0E0FE3192D41B600C57C19 /* pages.png */ = {isa = PBXFileReference; lastKnownFileType = image.png; path = pages.png; sourceTree = "<group>"; };
		2F0E0FE5192D52C100C57C19 /* articlesH.png */ = {isa = PBXFileReference; lastKnownFileType = image.png; path = articlesH.png; sourceTree = "<group>"; };
		2F8FCF2D192BA773001B2A2B /* articlesIcon.png */ = {isa = PBXFileReference; lastKnownFileType = image.png; path = articlesIcon.png; sourceTree = "<group>"; };
		2F8FCF2E192BA773001B2A2B /* authorIcon.png */ = {isa = PBXFileReference; lastKnownFileType = image.png; path = authorIcon.png; sourceTree = "<group>"; };
		2F8FCF33192BAB26001B2A2B /* Icon29.png */ = {isa = PBXFileReference; lastKnownFileType = image.png; path = Icon29.png; sourceTree = "<group>"; };
		2F8FCF34192BAB26001B2A2B /* Icon40.png */ = {isa = PBXFileReference; lastKnownFileType = image.png; path = Icon40.png; sourceTree = "<group>"; };
		2F8FCF35192BAB26001B2A2B /* Icon76.png */ = {isa = PBXFileReference; lastKnownFileType = image.png; path = Icon76.png; sourceTree = "<group>"; };
		2F8FCF39192BACA9001B2A2B /* Icon29-2.png */ = {isa = PBXFileReference; lastKnownFileType = image.png; path = "Icon29-2.png"; sourceTree = "<group>"; };
		2F8FCF3A192BACA9001B2A2B /* Icon40-2.png */ = {isa = PBXFileReference; lastKnownFileType = image.png; path = "Icon40-2.png"; sourceTree = "<group>"; };
		2F8FCF3B192BACA9001B2A2B /* Icon76-2.png */ = {isa = PBXFileReference; lastKnownFileType = image.png; path = "Icon76-2.png"; sourceTree = "<group>"; };
		2F9A660B1923C1F2000A6910 /* Default.png */ = {isa = PBXFileReference; lastKnownFileType = image.png; path = Default.png; sourceTree = "<group>"; };
		2F9A660D1923C46C000A6910 /* Default@2x.png */ = {isa = PBXFileReference; lastKnownFileType = image.png; path = "Default@2x.png"; sourceTree = "<group>"; };
		3F0BFE3C1921557D0062159E /* WHWriterApp.app */ = {isa = PBXFileReference; explicitFileType = wrapper.application; includeInIndex = 0; path = WHWriterApp.app; sourceTree = BUILT_PRODUCTS_DIR; };
		3F0BFE3F1921557D0062159E /* Foundation.framework */ = {isa = PBXFileReference; lastKnownFileType = wrapper.framework; name = Foundation.framework; path = System/Library/Frameworks/Foundation.framework; sourceTree = SDKROOT; };
		3F0BFE411921557D0062159E /* CoreGraphics.framework */ = {isa = PBXFileReference; lastKnownFileType = wrapper.framework; name = CoreGraphics.framework; path = System/Library/Frameworks/CoreGraphics.framework; sourceTree = SDKROOT; };
		3F0BFE431921557D0062159E /* UIKit.framework */ = {isa = PBXFileReference; lastKnownFileType = wrapper.framework; name = UIKit.framework; path = System/Library/Frameworks/UIKit.framework; sourceTree = SDKROOT; };
		3F0BFE471921557D0062159E /* WHWriterApp-Info.plist */ = {isa = PBXFileReference; lastKnownFileType = text.plist.xml; path = "WHWriterApp-Info.plist"; sourceTree = "<group>"; };
		3F0BFE491921557D0062159E /* en */ = {isa = PBXFileReference; lastKnownFileType = text.plist.strings; name = en; path = en.lproj/InfoPlist.strings; sourceTree = "<group>"; };
		3F0BFE4B1921557D0062159E /* main.m */ = {isa = PBXFileReference; lastKnownFileType = sourcecode.c.objc; path = main.m; sourceTree = "<group>"; };
		3F0BFE4D1921557D0062159E /* WHWriterApp-Prefix.pch */ = {isa = PBXFileReference; lastKnownFileType = sourcecode.c.h; path = "WHWriterApp-Prefix.pch"; sourceTree = "<group>"; };
		3F0BFE4E1921557D0062159E /* AppDelegate.h */ = {isa = PBXFileReference; lastKnownFileType = sourcecode.c.h; path = AppDelegate.h; sourceTree = "<group>"; };
		3F0BFE4F1921557D0062159E /* AppDelegate.m */ = {isa = PBXFileReference; lastKnownFileType = sourcecode.c.objc; path = AppDelegate.m; sourceTree = "<group>"; };
		3F0BFE511921557D0062159E /* Images.xcassets */ = {isa = PBXFileReference; lastKnownFileType = folder.assetcatalog; path = Images.xcassets; sourceTree = "<group>"; };
		3F0BFE571921557D0062159E /* WHWriterAppTests.xctest */ = {isa = PBXFileReference; explicitFileType = wrapper.cfbundle; includeInIndex = 0; path = WHWriterAppTests.xctest; sourceTree = BUILT_PRODUCTS_DIR; };
		3F0BFE581921557D0062159E /* XCTest.framework */ = {isa = PBXFileReference; lastKnownFileType = wrapper.framework; name = XCTest.framework; path = Library/Frameworks/XCTest.framework; sourceTree = DEVELOPER_DIR; };
		3F0BFE601921557D0062159E /* WHWriterAppTests-Info.plist */ = {isa = PBXFileReference; lastKnownFileType = text.plist.xml; path = "WHWriterAppTests-Info.plist"; sourceTree = "<group>"; };
		3F0BFE621921557D0062159E /* en */ = {isa = PBXFileReference; lastKnownFileType = text.plist.strings; name = en; path = en.lproj/InfoPlist.strings; sourceTree = "<group>"; };
		3F0BFE641921557D0062159E /* WHWriterAppTests.m */ = {isa = PBXFileReference; lastKnownFileType = sourcecode.c.objc; path = WHWriterAppTests.m; sourceTree = "<group>"; };
		3F0BFE6E19215F560062159E /* ViewController.h */ = {isa = PBXFileReference; fileEncoding = 4; lastKnownFileType = sourcecode.c.h; path = ViewController.h; sourceTree = "<group>"; };
		3F0BFE6F19215F560062159E /* ViewController.m */ = {isa = PBXFileReference; fileEncoding = 4; lastKnownFileType = sourcecode.c.objc; path = ViewController.m; sourceTree = "<group>"; };
		3F0BFE71192164D40062159E /* LoginView.h */ = {isa = PBXFileReference; fileEncoding = 4; lastKnownFileType = sourcecode.c.h; path = LoginView.h; sourceTree = "<group>"; };
		3F0BFE72192164D40062159E /* LoginView.m */ = {isa = PBXFileReference; fileEncoding = 4; lastKnownFileType = sourcecode.c.objc; path = LoginView.m; sourceTree = "<group>"; };
		3F0BFE76192191FA0062159E /* TableViewController.h */ = {isa = PBXFileReference; fileEncoding = 4; lastKnownFileType = sourcecode.c.h; path = TableViewController.h; sourceTree = "<group>"; };
		3F0BFE77192191FA0062159E /* TableViewController.m */ = {isa = PBXFileReference; fileEncoding = 4; lastKnownFileType = sourcecode.c.objc; path = TableViewController.m; sourceTree = "<group>"; };
		3F0BFE79192194E50062159E /* NavController.h */ = {isa = PBXFileReference; fileEncoding = 4; lastKnownFileType = sourcecode.c.h; path = NavController.h; sourceTree = "<group>"; };
		3F0BFE7A192194E50062159E /* NavController.m */ = {isa = PBXFileReference; fileEncoding = 4; lastKnownFileType = sourcecode.c.objc; path = NavController.m; sourceTree = "<group>"; };
		3F621AF219266401007355B5 /* AuthorInfoViewController.h */ = {isa = PBXFileReference; fileEncoding = 4; lastKnownFileType = sourcecode.c.h; path = AuthorInfoViewController.h; sourceTree = "<group>"; };
		3F621AF319266401007355B5 /* AuthorInfoViewController.m */ = {isa = PBXFileReference; fileEncoding = 4; lastKnownFileType = sourcecode.c.objc; path = AuthorInfoViewController.m; sourceTree = "<group>"; };
		3F621AF419266401007355B5 /* AuthorInfoViewController.xib */ = {isa = PBXFileReference; fileEncoding = 4; lastKnownFileType = file.xib; path = AuthorInfoViewController.xib; sourceTree = "<group>"; };
		A023E848192513EE0031C3B0 /* MainTableViewCell.h */ = {isa = PBXFileReference; fileEncoding = 4; lastKnownFileType = sourcecode.c.h; path = MainTableViewCell.h; sourceTree = "<group>"; };
		A023E849192513EE0031C3B0 /* MainTableViewCell.m */ = {isa = PBXFileReference; fileEncoding = 4; lastKnownFileType = sourcecode.c.objc; path = MainTableViewCell.m; sourceTree = "<group>"; };
		A023E84A192513EE0031C3B0 /* MainTableViewCell.xib */ = {isa = PBXFileReference; fileEncoding = 4; lastKnownFileType = file.xib; path = MainTableViewCell.xib; sourceTree = "<group>"; };
		A023E84D192653910031C3B0 /* TokenAuthorIdObject.h */ = {isa = PBXFileReference; fileEncoding = 4; lastKnownFileType = sourcecode.c.h; path = TokenAuthorIdObject.h; sourceTree = "<group>"; };
		A023E84E192653910031C3B0 /* TokenAuthorIdObject.m */ = {isa = PBXFileReference; fileEncoding = 4; lastKnownFileType = sourcecode.c.objc; path = TokenAuthorIdObject.m; sourceTree = "<group>"; };
		A08BF5C1192B9AEC00065044 /* Categories.h */ = {isa = PBXFileReference; fileEncoding = 4; lastKnownFileType = sourcecode.c.h; path = Categories.h; sourceTree = "<group>"; };
		A08BF5C2192B9AEC00065044 /* Categories.m */ = {isa = PBXFileReference; fileEncoding = 4; lastKnownFileType = sourcecode.c.objc; path = Categories.m; sourceTree = "<group>"; };
		A08BF5CF192BA99500065044 /* StoryToEdit.h */ = {isa = PBXFileReference; fileEncoding = 4; lastKnownFileType = sourcecode.c.h; path = StoryToEdit.h; sourceTree = "<group>"; };
		A08BF5D0192BA99500065044 /* StoryToEdit.m */ = {isa = PBXFileReference; fileEncoding = 4; lastKnownFileType = sourcecode.c.objc; path = StoryToEdit.m; sourceTree = "<group>"; };
		A08BF5D2192E48A800065044 /* PickerViewController.h */ = {isa = PBXFileReference; fileEncoding = 4; lastKnownFileType = sourcecode.c.h; path = PickerViewController.h; sourceTree = "<group>"; };
		A08BF5D3192E48A800065044 /* PickerViewController.m */ = {isa = PBXFileReference; fileEncoding = 4; lastKnownFileType = sourcecode.c.objc; path = PickerViewController.m; sourceTree = "<group>"; };
		A08BF5D4192E48A800065044 /* PickerViewController.xib */ = {isa = PBXFileReference; fileEncoding = 4; lastKnownFileType = file.xib; path = PickerViewController.xib; sourceTree = "<group>"; };
		A08FB3011922815400A67BD7 /* ViewController.xib */ = {isa = PBXFileReference; fileEncoding = 4; lastKnownFileType = file.xib; path = ViewController.xib; sourceTree = "<group>"; };
		A08FB3031922825F00A67BD7 /* EditorViewController.h */ = {isa = PBXFileReference; fileEncoding = 4; lastKnownFileType = sourcecode.c.h; path = EditorViewController.h; sourceTree = "<group>"; };
		A08FB3041922825F00A67BD7 /* EditorViewController.m */ = {isa = PBXFileReference; fileEncoding = 4; lastKnownFileType = sourcecode.c.objc; path = EditorViewController.m; sourceTree = "<group>"; };
		A08FB3051922825F00A67BD7 /* EditorViewController.xib */ = {isa = PBXFileReference; fileEncoding = 4; lastKnownFileType = file.xib; path = EditorViewController.xib; sourceTree = "<group>"; };
		A08FB3081923B4FD00A67BD7 /* NSObject+ObjectMap.h */ = {isa = PBXFileReference; fileEncoding = 4; lastKnownFileType = sourcecode.c.h; path = "NSObject+ObjectMap.h"; sourceTree = "<group>"; };
		A08FB3091923B4FD00A67BD7 /* NSObject+ObjectMap.m */ = {isa = PBXFileReference; fileEncoding = 4; lastKnownFileType = sourcecode.c.objc; path = "NSObject+ObjectMap.m"; sourceTree = "<group>"; };
		A08FB30A1923B4FD00A67BD7 /* AuthorObject.h */ = {isa = PBXFileReference; fileEncoding = 4; lastKnownFileType = sourcecode.c.h; path = AuthorObject.h; sourceTree = "<group>"; };
		A08FB30B1923B4FD00A67BD7 /* AuthorObject.m */ = {isa = PBXFileReference; fileEncoding = 4; lastKnownFileType = sourcecode.c.objc; path = AuthorObject.m; sourceTree = "<group>"; };
		A08FB30C1923B4FD00A67BD7 /* CategoryObject.h */ = {isa = PBXFileReference; fileEncoding = 4; lastKnownFileType = sourcecode.c.h; path = CategoryObject.h; sourceTree = "<group>"; };
		A08FB30D1923B4FD00A67BD7 /* CategoryObject.m */ = {isa = PBXFileReference; fileEncoding = 4; lastKnownFileType = sourcecode.c.objc; path = CategoryObject.m; sourceTree = "<group>"; };
		A08FB30E1923B4FD00A67BD7 /* StoryObject.h */ = {isa = PBXFileReference; fileEncoding = 4; lastKnownFileType = sourcecode.c.h; path = StoryObject.h; sourceTree = "<group>"; };
		A08FB30F1923B4FD00A67BD7 /* StoryObject.m */ = {isa = PBXFileReference; fileEncoding = 4; lastKnownFileType = sourcecode.c.objc; path = StoryObject.m; sourceTree = "<group>"; };
		A08FB3161923B5D600A67BD7 /* LoginRequestObject.h */ = {isa = PBXFileReference; fileEncoding = 4; lastKnownFileType = sourcecode.c.h; path = LoginRequestObject.h; sourceTree = "<group>"; };
		A08FB3171923B5D600A67BD7 /* LoginRequestObject.m */ = {isa = PBXFileReference; fileEncoding = 4; lastKnownFileType = sourcecode.c.objc; path = LoginRequestObject.m; sourceTree = "<group>"; };
		A08FB3191923B6AD00A67BD7 /* LoginResponseObject.h */ = {isa = PBXFileReference; fileEncoding = 4; lastKnownFileType = sourcecode.c.h; path = LoginResponseObject.h; sourceTree = "<group>"; };
		A08FB31A1923B6AD00A67BD7 /* LoginResponseObject.m */ = {isa = PBXFileReference; fileEncoding = 4; lastKnownFileType = sourcecode.c.objc; path = LoginResponseObject.m; sourceTree = "<group>"; };
		A08FB31C1923BAFD00A67BD7 /* EditDTO.h */ = {isa = PBXFileReference; fileEncoding = 4; lastKnownFileType = sourcecode.c.h; path = EditDTO.h; sourceTree = "<group>"; };
		A08FB31D1923BAFD00A67BD7 /* EditDTO.m */ = {isa = PBXFileReference; fileEncoding = 4; lastKnownFileType = sourcecode.c.objc; path = EditDTO.m; sourceTree = "<group>"; };
		A08FB31F1923BB5A00A67BD7 /* AddDTO.h */ = {isa = PBXFileReference; fileEncoding = 4; lastKnownFileType = sourcecode.c.h; path = AddDTO.h; sourceTree = "<group>"; };
		A08FB3201923BB5A00A67BD7 /* AddDTO.m */ = {isa = PBXFileReference; fileEncoding = 4; lastKnownFileType = sourcecode.c.objc; path = AddDTO.m; sourceTree = "<group>"; };
		A08FB3221923CFC800A67BD7 /* LoginView.xib */ = {isa = PBXFileReference; fileEncoding = 4; lastKnownFileType = file.xib; path = LoginView.xib; sourceTree = "<group>"; };
		C362A8C0192D90280073873C /* categArrow.png */ = {isa = PBXFileReference; lastKnownFileType = image.png; path = categArrow.png; sourceTree = "<group>"; };
		C362A8C2192D9DD50073873C /* TextViewController.h */ = {isa = PBXFileReference; fileEncoding = 4; lastKnownFileType = sourcecode.c.h; path = TextViewController.h; sourceTree = "<group>"; };
		C362A8C3192D9DD50073873C /* TextViewController.m */ = {isa = PBXFileReference; fileEncoding = 4; lastKnownFileType = sourcecode.c.objc; path = TextViewController.m; sourceTree = "<group>"; };
		C362A8C4192D9DD50073873C /* TextViewController.xib */ = {isa = PBXFileReference; fileEncoding = 4; lastKnownFileType = file.xib; path = TextViewController.xib; sourceTree = "<group>"; };
		C3B7569E19270B47009175B4 /* JVFloatLabeledTextView.h */ = {isa = PBXFileReference; fileEncoding = 4; lastKnownFileType = sourcecode.c.h; path = JVFloatLabeledTextView.h; sourceTree = "<group>"; };
		C3B7569F19270B47009175B4 /* JVFloatLabeledTextView.m */ = {isa = PBXFileReference; fileEncoding = 4; lastKnownFileType = sourcecode.c.objc; path = JVFloatLabeledTextView.m; sourceTree = "<group>"; };
		C3B756A5192A53BB009175B4 /* EditorTextViewCell.h */ = {isa = PBXFileReference; fileEncoding = 4; lastKnownFileType = sourcecode.c.h; path = EditorTextViewCell.h; sourceTree = "<group>"; };
		C3B756A6192A53BB009175B4 /* EditorTextViewCell.m */ = {isa = PBXFileReference; fileEncoding = 4; lastKnownFileType = sourcecode.c.objc; path = EditorTextViewCell.m; sourceTree = "<group>"; };
		C3B756A7192A53BB009175B4 /* EditorTextViewCell.xib */ = {isa = PBXFileReference; fileEncoding = 4; lastKnownFileType = file.xib; path = EditorTextViewCell.xib; sourceTree = "<group>"; };
		C3B756BE192D2110009175B4 /* CategoryButtonCell.h */ = {isa = PBXFileReference; fileEncoding = 4; lastKnownFileType = sourcecode.c.h; path = CategoryButtonCell.h; sourceTree = "<group>"; };
		C3B756BF192D2110009175B4 /* CategoryButtonCell.m */ = {isa = PBXFileReference; fileEncoding = 4; lastKnownFileType = sourcecode.c.objc; path = CategoryButtonCell.m; sourceTree = "<group>"; };
		C3B756C0192D2110009175B4 /* CategoryButtonCell.xib */ = {isa = PBXFileReference; fileEncoding = 4; lastKnownFileType = file.xib; path = CategoryButtonCell.xib; sourceTree = "<group>"; };
		C3B756C3192D2CDE009175B4 /* editButton.png */ = {isa = PBXFileReference; lastKnownFileType = image.png; path = editButton.png; sourceTree = "<group>"; };
		C3B7937B19265D6100B4281A /* JVFloatLabeledTextField.h */ = {isa = PBXFileReference; fileEncoding = 4; lastKnownFileType = sourcecode.c.h; path = JVFloatLabeledTextField.h; sourceTree = "<group>"; };
		C3B7937C19265D6100B4281A /* JVFloatLabeledTextField.m */ = {isa = PBXFileReference; fileEncoding = 4; lastKnownFileType = sourcecode.c.objc; path = JVFloatLabeledTextField.m; sourceTree = "<group>"; };
		C3BBF71A19251F0900B26255 /* EditorTableViewCell.h */ = {isa = PBXFileReference; fileEncoding = 4; lastKnownFileType = sourcecode.c.h; path = EditorTableViewCell.h; sourceTree = "<group>"; };
		C3BBF71B19251F0900B26255 /* EditorTableViewCell.m */ = {isa = PBXFileReference; fileEncoding = 4; lastKnownFileType = sourcecode.c.objc; path = EditorTableViewCell.m; sourceTree = "<group>"; };
		C3BBF71C19251F0900B26255 /* EditorTableViewCell.xib */ = {isa = PBXFileReference; fileEncoding = 4; lastKnownFileType = file.xib; path = EditorTableViewCell.xib; sourceTree = "<group>"; };
/* End PBXFileReference section */

/* Begin PBXFrameworksBuildPhase section */
		3F0BFE391921557D0062159E /* Frameworks */ = {
			isa = PBXFrameworksBuildPhase;
			buildActionMask = 2147483647;
			files = (
				3F0BFE421921557D0062159E /* CoreGraphics.framework in Frameworks */,
				3F0BFE441921557D0062159E /* UIKit.framework in Frameworks */,
				3F0BFE401921557D0062159E /* Foundation.framework in Frameworks */,
			);
			runOnlyForDeploymentPostprocessing = 0;
		};
		3F0BFE541921557D0062159E /* Frameworks */ = {
			isa = PBXFrameworksBuildPhase;
			buildActionMask = 2147483647;
			files = (
				3F0BFE591921557D0062159E /* XCTest.framework in Frameworks */,
				3F0BFE5B1921557D0062159E /* UIKit.framework in Frameworks */,
				3F0BFE5A1921557D0062159E /* Foundation.framework in Frameworks */,
			);
			runOnlyForDeploymentPostprocessing = 0;
		};
/* End PBXFrameworksBuildPhase section */

/* Begin PBXGroup section */
		3F0BFE331921557D0062159E = {
			isa = PBXGroup;
			children = (
				3F0BFE451921557D0062159E /* WHWriterApp */,
				3F0BFE5E1921557D0062159E /* WHWriterAppTests */,
				3F0BFE3E1921557D0062159E /* Frameworks */,
				3F0BFE3D1921557D0062159E /* Products */,
			);
			sourceTree = "<group>";
		};
		3F0BFE3D1921557D0062159E /* Products */ = {
			isa = PBXGroup;
			children = (
				3F0BFE3C1921557D0062159E /* WHWriterApp.app */,
				3F0BFE571921557D0062159E /* WHWriterAppTests.xctest */,
			);
			name = Products;
			sourceTree = "<group>";
		};
		3F0BFE3E1921557D0062159E /* Frameworks */ = {
			isa = PBXGroup;
			children = (
				3F0BFE3F1921557D0062159E /* Foundation.framework */,
				3F0BFE411921557D0062159E /* CoreGraphics.framework */,
				3F0BFE431921557D0062159E /* UIKit.framework */,
				3F0BFE581921557D0062159E /* XCTest.framework */,
			);
			name = Frameworks;
			sourceTree = "<group>";
		};
		3F0BFE451921557D0062159E /* WHWriterApp */ = {
			isa = PBXGroup;
			children = (
				3F0BFE4E1921557D0062159E /* AppDelegate.h */,
				3F0BFE4F1921557D0062159E /* AppDelegate.m */,
				A08FB3141923B54C00A67BD7 /* Models */,
				3F0BFE74192189950062159E /* View Controllers */,
				3F0BFE75192189B00062159E /* Views */,
				A08FB3151923B57800A67BD7 /* Util */,
				3F0BFE511921557D0062159E /* Images.xcassets */,
				3F0BFE461921557D0062159E /* Supporting Files */,
			);
			path = WHWriterApp;
			sourceTree = "<group>";
		};
		3F0BFE461921557D0062159E /* Supporting Files */ = {
			isa = PBXGroup;
			children = (
				2F0E0FE5192D52C100C57C19 /* articlesH.png */,
				C362A8C0192D90280073873C /* categArrow.png */,
				2F0E0FE3192D41B600C57C19 /* pages.png */,
				2F0E0FDD192D3B6A00C57C19 /* WHheader.png */,
				2F8FCF39192BACA9001B2A2B /* Icon29-2.png */,
				C3B756C3192D2CDE009175B4 /* editButton.png */,
				2F8FCF3A192BACA9001B2A2B /* Icon40-2.png */,
				2F8FCF3B192BACA9001B2A2B /* Icon76-2.png */,
				2F8FCF33192BAB26001B2A2B /* Icon29.png */,
				2F8FCF34192BAB26001B2A2B /* Icon40.png */,
				2F8FCF35192BAB26001B2A2B /* Icon76.png */,
				2F8FCF2D192BA773001B2A2B /* articlesIcon.png */,
				2F8FCF2E192BA773001B2A2B /* authorIcon.png */,
				2F9A660D1923C46C000A6910 /* Default@2x.png */,
				2F9A660B1923C1F2000A6910 /* Default.png */,
				3F0BFE471921557D0062159E /* WHWriterApp-Info.plist */,
				3F0BFE481921557D0062159E /* InfoPlist.strings */,
				3F0BFE4B1921557D0062159E /* main.m */,
				3F0BFE4D1921557D0062159E /* WHWriterApp-Prefix.pch */,
			);
			name = "Supporting Files";
			sourceTree = "<group>";
		};
		3F0BFE5E1921557D0062159E /* WHWriterAppTests */ = {
			isa = PBXGroup;
			children = (
				3F0BFE641921557D0062159E /* WHWriterAppTests.m */,
				3F0BFE5F1921557D0062159E /* Supporting Files */,
			);
			path = WHWriterAppTests;
			sourceTree = "<group>";
		};
		3F0BFE5F1921557D0062159E /* Supporting Files */ = {
			isa = PBXGroup;
			children = (
				3F0BFE601921557D0062159E /* WHWriterAppTests-Info.plist */,
				3F0BFE611921557D0062159E /* InfoPlist.strings */,
			);
			name = "Supporting Files";
			sourceTree = "<group>";
		};
		3F0BFE74192189950062159E /* View Controllers */ = {
			isa = PBXGroup;
			children = (
				3F0BFE6E19215F560062159E /* ViewController.h */,
				3F0BFE6F19215F560062159E /* ViewController.m */,
				A08FB3011922815400A67BD7 /* ViewController.xib */,
				C38ACCF31923D78600642E92 /* Editor */,
				3F0BFE76192191FA0062159E /* TableViewController.h */,
				3F0BFE77192191FA0062159E /* TableViewController.m */,
				3F0BFE79192194E50062159E /* NavController.h */,
				3F0BFE7A192194E50062159E /* NavController.m */,
				3F621AF219266401007355B5 /* AuthorInfoViewController.h */,
				3F621AF319266401007355B5 /* AuthorInfoViewController.m */,
				3F621AF419266401007355B5 /* AuthorInfoViewController.xib */,
			);
			name = "View Controllers";
			sourceTree = "<group>";
		};
		3F0BFE75192189B00062159E /* Views */ = {
			isa = PBXGroup;
			children = (
				C3BBF71F19251F1200B26255 /* Editor */,
				3F0BFE71192164D40062159E /* LoginView.h */,
				3F0BFE72192164D40062159E /* LoginView.m */,
				A08FB3221923CFC800A67BD7 /* LoginView.xib */,
				A023E848192513EE0031C3B0 /* MainTableViewCell.h */,
				A023E849192513EE0031C3B0 /* MainTableViewCell.m */,
				A023E84A192513EE0031C3B0 /* MainTableViewCell.xib */,
			);
			name = Views;
			sourceTree = "<group>";
		};
		A08BF5C4192B9FA700065044 /* Category Cell */ = {
			isa = PBXGroup;
			children = (
				C3B756BE192D2110009175B4 /* CategoryButtonCell.h */,
				C3B756BF192D2110009175B4 /* CategoryButtonCell.m */,
				C3B756C0192D2110009175B4 /* CategoryButtonCell.xib */,
			);
			name = "Category Cell";
			sourceTree = "<group>";
		};
		A08FB3141923B54C00A67BD7 /* Models */ = {
			isa = PBXGroup;
			children = (
				A08FB30A1923B4FD00A67BD7 /* AuthorObject.h */,
				A08FB30B1923B4FD00A67BD7 /* AuthorObject.m */,
				A08FB30C1923B4FD00A67BD7 /* CategoryObject.h */,
				A08FB30D1923B4FD00A67BD7 /* CategoryObject.m */,
				A08FB30E1923B4FD00A67BD7 /* StoryObject.h */,
				A08FB30F1923B4FD00A67BD7 /* StoryObject.m */,
				A08FB3161923B5D600A67BD7 /* LoginRequestObject.h */,
				A08FB3171923B5D600A67BD7 /* LoginRequestObject.m */,
				A08FB3191923B6AD00A67BD7 /* LoginResponseObject.h */,
				A08FB31A1923B6AD00A67BD7 /* LoginResponseObject.m */,
				A08FB31C1923BAFD00A67BD7 /* EditDTO.h */,
				A08FB31D1923BAFD00A67BD7 /* EditDTO.m */,
				A08FB31F1923BB5A00A67BD7 /* AddDTO.h */,
				A08FB3201923BB5A00A67BD7 /* AddDTO.m */,
				A023E84D192653910031C3B0 /* TokenAuthorIdObject.h */,
				A023E84E192653910031C3B0 /* TokenAuthorIdObject.m */,
				A08BF5C1192B9AEC00065044 /* Categories.h */,
				A08BF5C2192B9AEC00065044 /* Categories.m */,
				A08BF5CF192BA99500065044 /* StoryToEdit.h */,
				A08BF5D0192BA99500065044 /* StoryToEdit.m */,
			);
			name = Models;
			sourceTree = "<group>";
		};
		A08FB3151923B57800A67BD7 /* Util */ = {
			isa = PBXGroup;
			children = (
				A08FB3081923B4FD00A67BD7 /* NSObject+ObjectMap.h */,
				A08FB3091923B4FD00A67BD7 /* NSObject+ObjectMap.m */,
			);
			name = Util;
			sourceTree = "<group>";
		};
		C38ACCF31923D78600642E92 /* Editor */ = {
			isa = PBXGroup;
			children = (
				A08FB3031922825F00A67BD7 /* EditorViewController.h */,
				A08FB3041922825F00A67BD7 /* EditorViewController.m */,
				A08FB3051922825F00A67BD7 /* EditorViewController.xib */,
				C362A8C2192D9DD50073873C /* TextViewController.h */,
				C362A8C3192D9DD50073873C /* TextViewController.m */,
				C362A8C4192D9DD50073873C /* TextViewController.xib */,
				A08BF5D2192E48A800065044 /* PickerViewController.h */,
				A08BF5D3192E48A800065044 /* PickerViewController.m */,
				A08BF5D4192E48A800065044 /* PickerViewController.xib */,
			);
			name = Editor;
			sourceTree = "<group>";
		};
		C3B756A2192A5320009175B4 /* TextField Cell */ = {
			isa = PBXGroup;
			children = (
				C3BBF71A19251F0900B26255 /* EditorTableViewCell.h */,
				C3BBF71B19251F0900B26255 /* EditorTableViewCell.m */,
				C3BBF71C19251F0900B26255 /* EditorTableViewCell.xib */,
			);
			name = "TextField Cell";
			sourceTree = "<group>";
		};
		C3B756A4192A5357009175B4 /* TextView Cell */ = {
			isa = PBXGroup;
			children = (
				C3B756A5192A53BB009175B4 /* EditorTextViewCell.h */,
				C3B756A6192A53BB009175B4 /* EditorTextViewCell.m */,
				C3B756A7192A53BB009175B4 /* EditorTextViewCell.xib */,
			);
			name = "TextView Cell";
			sourceTree = "<group>";
		};
		C3B7937A19265D2100B4281A /* TextModify */ = {
			isa = PBXGroup;
			children = (
				C3B7937B19265D6100B4281A /* JVFloatLabeledTextField.h */,
				C3B7937C19265D6100B4281A /* JVFloatLabeledTextField.m */,
				C3B7569E19270B47009175B4 /* JVFloatLabeledTextView.h */,
				C3B7569F19270B47009175B4 /* JVFloatLabeledTextView.m */,
			);
			name = TextModify;
			sourceTree = "<group>";
		};
		C3B7937E19265D7A00B4281A /* Cells */ = {
			isa = PBXGroup;
			children = (
				A08BF5C4192B9FA700065044 /* Category Cell */,
				C3B756A4192A5357009175B4 /* TextView Cell */,
				C3B756A2192A5320009175B4 /* TextField Cell */,
			);
			name = Cells;
			sourceTree = "<group>";
		};
		C3BBF71F19251F1200B26255 /* Editor */ = {
			isa = PBXGroup;
			children = (
				C3B7937E19265D7A00B4281A /* Cells */,
				C3B7937A19265D2100B4281A /* TextModify */,
			);
			name = Editor;
			sourceTree = "<group>";
		};
/* End PBXGroup section */

/* Begin PBXNativeTarget section */
		3F0BFE3B1921557D0062159E /* WHWriterApp */ = {
			isa = PBXNativeTarget;
			buildConfigurationList = 3F0BFE681921557D0062159E /* Build configuration list for PBXNativeTarget "WHWriterApp" */;
			buildPhases = (
				3F0BFE381921557D0062159E /* Sources */,
				3F0BFE391921557D0062159E /* Frameworks */,
				3F0BFE3A1921557D0062159E /* Resources */,
			);
			buildRules = (
			);
			dependencies = (
			);
			name = WHWriterApp;
			productName = WHWriterApp;
			productReference = 3F0BFE3C1921557D0062159E /* WHWriterApp.app */;
			productType = "com.apple.product-type.application";
		};
		3F0BFE561921557D0062159E /* WHWriterAppTests */ = {
			isa = PBXNativeTarget;
			buildConfigurationList = 3F0BFE6B1921557D0062159E /* Build configuration list for PBXNativeTarget "WHWriterAppTests" */;
			buildPhases = (
				3F0BFE531921557D0062159E /* Sources */,
				3F0BFE541921557D0062159E /* Frameworks */,
				3F0BFE551921557D0062159E /* Resources */,
			);
			buildRules = (
			);
			dependencies = (
				3F0BFE5D1921557D0062159E /* PBXTargetDependency */,
			);
			name = WHWriterAppTests;
			productName = WHWriterAppTests;
			productReference = 3F0BFE571921557D0062159E /* WHWriterAppTests.xctest */;
			productType = "com.apple.product-type.bundle.unit-test";
		};
/* End PBXNativeTarget section */

/* Begin PBXProject section */
		3F0BFE341921557D0062159E /* Project object */ = {
			isa = PBXProject;
			attributes = {
				CLASSPREFIX = "";
				LastUpgradeCheck = 0510;
				ORGANIZATIONNAME = CS491;
				TargetAttributes = {
					3F0BFE561921557D0062159E = {
						TestTargetID = 3F0BFE3B1921557D0062159E;
					};
				};
			};
			buildConfigurationList = 3F0BFE371921557D0062159E /* Build configuration list for PBXProject "WHWriterApp" */;
			compatibilityVersion = "Xcode 3.2";
			developmentRegion = English;
			hasScannedForEncodings = 0;
			knownRegions = (
				en,
			);
			mainGroup = 3F0BFE331921557D0062159E;
			productRefGroup = 3F0BFE3D1921557D0062159E /* Products */;
			projectDirPath = "";
			projectRoot = "";
			targets = (
				3F0BFE3B1921557D0062159E /* WHWriterApp */,
				3F0BFE561921557D0062159E /* WHWriterAppTests */,
			);
		};
/* End PBXProject section */

/* Begin PBXResourcesBuildPhase section */
		3F0BFE3A1921557D0062159E /* Resources */ = {
			isa = PBXResourcesBuildPhase;
			buildActionMask = 2147483647;
			files = (
				2F8FCF3C192BACA9001B2A2B /* Icon29-2.png in Resources */,
				2F9A660E1923C46C000A6910 /* Default@2x.png in Resources */,
				2F8FCF38192BAB26001B2A2B /* Icon76.png in Resources */,
				3F0BFE4A1921557D0062159E /* InfoPlist.strings in Resources */,
				C3BBF71E19251F0900B26255 /* EditorTableViewCell.xib in Resources */,
				2F8FCF36192BAB26001B2A2B /* Icon29.png in Resources */,
				C3B756C2192D2110009175B4 /* CategoryButtonCell.xib in Resources */,
				A08FB3021922815400A67BD7 /* ViewController.xib in Resources */,
				3F0BFE521921557D0062159E /* Images.xcassets in Resources */,
				C362A8C6192D9DD50073873C /* TextViewController.xib in Resources */,
				A023E84C192513EE0031C3B0 /* MainTableViewCell.xib in Resources */,
				2F0E0FDE192D3B6A00C57C19 /* WHheader.png in Resources */,
				A08FB3071922825F00A67BD7 /* EditorViewController.xib in Resources */,
				C362A8C1192D90280073873C /* categArrow.png in Resources */,
				2F8FCF2F192BA773001B2A2B /* articlesIcon.png in Resources */,
				2F8FCF37192BAB26001B2A2B /* Icon40.png in Resources */,
				2F0E0FE4192D41B600C57C19 /* pages.png in Resources */,
				2F0E0FE6192D52C100C57C19 /* articlesH.png in Resources */,
				2F8FCF30192BA773001B2A2B /* authorIcon.png in Resources */,
				A08FB3231923CFC800A67BD7 /* LoginView.xib in Resources */,
				C3B756C4192D2CDE009175B4 /* editButton.png in Resources */,
				2F8FCF3D192BACA9001B2A2B /* Icon40-2.png in Resources */,
				2F8FCF3E192BACA9001B2A2B /* Icon76-2.png in Resources */,
				2F9A660C1923C1F2000A6910 /* Default.png in Resources */,
				C3B756A9192A53BB009175B4 /* EditorTextViewCell.xib in Resources */,
				A08BF5D6192E48A800065044 /* PickerViewController.xib in Resources */,
				3F621AF619266401007355B5 /* AuthorInfoViewController.xib in Resources */,
			);
			runOnlyForDeploymentPostprocessing = 0;
		};
		3F0BFE551921557D0062159E /* Resources */ = {
			isa = PBXResourcesBuildPhase;
			buildActionMask = 2147483647;
			files = (
				3F0BFE631921557D0062159E /* InfoPlist.strings in Resources */,
			);
			runOnlyForDeploymentPostprocessing = 0;
		};
/* End PBXResourcesBuildPhase section */

/* Begin PBXSourcesBuildPhase section */
		3F0BFE381921557D0062159E /* Sources */ = {
			isa = PBXSourcesBuildPhase;
			buildActionMask = 2147483647;
			files = (
				A08BF5C3192B9AEC00065044 /* Categories.m in Sources */,
				A08FB31B1923B6AD00A67BD7 /* LoginResponseObject.m in Sources */,
				C3BBF71D19251F0900B26255 /* EditorTableViewCell.m in Sources */,
				3F0BFE501921557D0062159E /* AppDelegate.m in Sources */,
				A08FB3121923B4FD00A67BD7 /* CategoryObject.m in Sources */,
				3F0BFE7B192194E50062159E /* NavController.m in Sources */,
				A08FB3181923B5D600A67BD7 /* LoginRequestObject.m in Sources */,
				3F0BFE7019215F560062159E /* ViewController.m in Sources */,
				C3B7937D19265D6100B4281A /* JVFloatLabeledTextField.m in Sources */,
				C3B756A8192A53BB009175B4 /* EditorTextViewCell.m in Sources */,
				A023E84B192513EE0031C3B0 /* MainTableViewCell.m in Sources */,
				C3B756A019270B47009175B4 /* JVFloatLabeledTextView.m in Sources */,
				3F0BFE78192191FA0062159E /* TableViewController.m in Sources */,
				A08BF5D1192BA99500065044 /* StoryToEdit.m in Sources */,
				A08FB3211923BB5A00A67BD7 /* AddDTO.m in Sources */,
				3F0BFE73192164D40062159E /* LoginView.m in Sources */,
				3F0BFE4C1921557D0062159E /* main.m in Sources */,
				C362A8C5192D9DD50073873C /* TextViewController.m in Sources */,
				A08FB31E1923BAFD00A67BD7 /* EditDTO.m in Sources */,
				3F621AF519266401007355B5 /* AuthorInfoViewController.m in Sources */,
				A08FB3111923B4FD00A67BD7 /* AuthorObject.m in Sources */,
				A023E84F192653910031C3B0 /* TokenAuthorIdObject.m in Sources */,
				A08FB3131923B4FD00A67BD7 /* StoryObject.m in Sources */,
				A08FB3061922825F00A67BD7 /* EditorViewController.m in Sources */,
				A08FB3101923B4FD00A67BD7 /* NSObject+ObjectMap.m in Sources */,
				A08BF5D5192E48A800065044 /* PickerViewController.m in Sources */,
				C3B756C1192D2110009175B4 /* CategoryButtonCell.m in Sources */,
			);
			runOnlyForDeploymentPostprocessing = 0;
		};
		3F0BFE531921557D0062159E /* Sources */ = {
			isa = PBXSourcesBuildPhase;
			buildActionMask = 2147483647;
			files = (
				3F0BFE651921557D0062159E /* WHWriterAppTests.m in Sources */,
			);
			runOnlyForDeploymentPostprocessing = 0;
		};
/* End PBXSourcesBuildPhase section */

/* Begin PBXTargetDependency section */
		3F0BFE5D1921557D0062159E /* PBXTargetDependency */ = {
			isa = PBXTargetDependency;
			target = 3F0BFE3B1921557D0062159E /* WHWriterApp */;
			targetProxy = 3F0BFE5C1921557D0062159E /* PBXContainerItemProxy */;
		};
/* End PBXTargetDependency section */

/* Begin PBXVariantGroup section */
		3F0BFE481921557D0062159E /* InfoPlist.strings */ = {
			isa = PBXVariantGroup;
			children = (
				3F0BFE491921557D0062159E /* en */,
			);
			name = InfoPlist.strings;
			sourceTree = "<group>";
		};
		3F0BFE611921557D0062159E /* InfoPlist.strings */ = {
			isa = PBXVariantGroup;
			children = (
				3F0BFE621921557D0062159E /* en */,
			);
			name = InfoPlist.strings;
			sourceTree = "<group>";
		};
/* End PBXVariantGroup section */

/* Begin XCBuildConfiguration section */
		3F0BFE661921557D0062159E /* Debug */ = {
			isa = XCBuildConfiguration;
			buildSettings = {
				ALWAYS_SEARCH_USER_PATHS = NO;
				CLANG_CXX_LANGUAGE_STANDARD = "gnu++0x";
				CLANG_CXX_LIBRARY = "libc++";
				CLANG_ENABLE_MODULES = YES;
				CLANG_ENABLE_OBJC_ARC = YES;
				CLANG_WARN_BOOL_CONVERSION = YES;
				CLANG_WARN_CONSTANT_CONVERSION = YES;
				CLANG_WARN_DIRECT_OBJC_ISA_USAGE = YES_ERROR;
				CLANG_WARN_EMPTY_BODY = YES;
				CLANG_WARN_ENUM_CONVERSION = YES;
				CLANG_WARN_INT_CONVERSION = YES;
				CLANG_WARN_OBJC_ROOT_CLASS = YES_ERROR;
				CLANG_WARN__DUPLICATE_METHOD_MATCH = YES;
				"CODE_SIGN_IDENTITY[sdk=iphoneos*]" = "iPhone Developer";
				COPY_PHASE_STRIP = NO;
				GCC_C_LANGUAGE_STANDARD = gnu99;
				GCC_DYNAMIC_NO_PIC = NO;
				GCC_OPTIMIZATION_LEVEL = 0;
				GCC_PREPROCESSOR_DEFINITIONS = (
					"DEBUG=1",
					"$(inherited)",
				);
				GCC_SYMBOLS_PRIVATE_EXTERN = NO;
				GCC_WARN_64_TO_32_BIT_CONVERSION = YES;
				GCC_WARN_ABOUT_RETURN_TYPE = YES_ERROR;
				GCC_WARN_UNDECLARED_SELECTOR = YES;
				GCC_WARN_UNINITIALIZED_AUTOS = YES_AGGRESSIVE;
				GCC_WARN_UNUSED_FUNCTION = YES;
				GCC_WARN_UNUSED_VARIABLE = YES;
				IPHONEOS_DEPLOYMENT_TARGET = 7.1;
				ONLY_ACTIVE_ARCH = YES;
				SDKROOT = iphoneos;
				TARGETED_DEVICE_FAMILY = "1,2";
			};
			name = Debug;
		};
		3F0BFE671921557D0062159E /* Release */ = {
			isa = XCBuildConfiguration;
			buildSettings = {
				ALWAYS_SEARCH_USER_PATHS = NO;
				CLANG_CXX_LANGUAGE_STANDARD = "gnu++0x";
				CLANG_CXX_LIBRARY = "libc++";
				CLANG_ENABLE_MODULES = YES;
				CLANG_ENABLE_OBJC_ARC = YES;
				CLANG_WARN_BOOL_CONVERSION = YES;
				CLANG_WARN_CONSTANT_CONVERSION = YES;
				CLANG_WARN_DIRECT_OBJC_ISA_USAGE = YES_ERROR;
				CLANG_WARN_EMPTY_BODY = YES;
				CLANG_WARN_ENUM_CONVERSION = YES;
				CLANG_WARN_INT_CONVERSION = YES;
				CLANG_WARN_OBJC_ROOT_CLASS = YES_ERROR;
				CLANG_WARN__DUPLICATE_METHOD_MATCH = YES;
				"CODE_SIGN_IDENTITY[sdk=iphoneos*]" = "iPhone Developer";
				COPY_PHASE_STRIP = YES;
				ENABLE_NS_ASSERTIONS = NO;
				GCC_C_LANGUAGE_STANDARD = gnu99;
				GCC_WARN_64_TO_32_BIT_CONVERSION = YES;
				GCC_WARN_ABOUT_RETURN_TYPE = YES_ERROR;
				GCC_WARN_UNDECLARED_SELECTOR = YES;
				GCC_WARN_UNINITIALIZED_AUTOS = YES_AGGRESSIVE;
				GCC_WARN_UNUSED_FUNCTION = YES;
				GCC_WARN_UNUSED_VARIABLE = YES;
				IPHONEOS_DEPLOYMENT_TARGET = 7.1;
				SDKROOT = iphoneos;
				TARGETED_DEVICE_FAMILY = "1,2";
				VALIDATE_PRODUCT = YES;
			};
			name = Release;
		};
		3F0BFE691921557D0062159E /* Debug */ = {
			isa = XCBuildConfiguration;
			buildSettings = {
				ASSETCATALOG_COMPILER_APPICON_NAME = AppIcon;
				ASSETCATALOG_COMPILER_LAUNCHIMAGE_NAME = LaunchImage;
				GCC_PRECOMPILE_PREFIX_HEADER = YES;
				GCC_PREFIX_HEADER = "WHWriterApp/WHWriterApp-Prefix.pch";
				INFOPLIST_FILE = "WHWriterApp/WHWriterApp-Info.plist";
				PRODUCT_NAME = "$(TARGET_NAME)";
				WRAPPER_EXTENSION = app;
			};
			name = Debug;
		};
		3F0BFE6A1921557D0062159E /* Release */ = {
			isa = XCBuildConfiguration;
			buildSettings = {
				ASSETCATALOG_COMPILER_APPICON_NAME = AppIcon;
				ASSETCATALOG_COMPILER_LAUNCHIMAGE_NAME = LaunchImage;
				GCC_PRECOMPILE_PREFIX_HEADER = YES;
				GCC_PREFIX_HEADER = "WHWriterApp/WHWriterApp-Prefix.pch";
				INFOPLIST_FILE = "WHWriterApp/WHWriterApp-Info.plist";
				PRODUCT_NAME = "$(TARGET_NAME)";
				WRAPPER_EXTENSION = app;
			};
			name = Release;
		};
		3F0BFE6C1921557D0062159E /* Debug */ = {
			isa = XCBuildConfiguration;
			buildSettings = {
				BUNDLE_LOADER = "$(BUILT_PRODUCTS_DIR)/WHWriterApp.app/WHWriterApp";
				FRAMEWORK_SEARCH_PATHS = (
					"$(SDKROOT)/Developer/Library/Frameworks",
					"$(inherited)",
					"$(DEVELOPER_FRAMEWORKS_DIR)",
				);
				GCC_PRECOMPILE_PREFIX_HEADER = YES;
				GCC_PREFIX_HEADER = "WHWriterApp/WHWriterApp-Prefix.pch";
				GCC_PREPROCESSOR_DEFINITIONS = (
					"DEBUG=1",
					"$(inherited)",
				);
				INFOPLIST_FILE = "WHWriterAppTests/WHWriterAppTests-Info.plist";
				PRODUCT_NAME = "$(TARGET_NAME)";
				TEST_HOST = "$(BUNDLE_LOADER)";
				WRAPPER_EXTENSION = xctest;
			};
			name = Debug;
		};
		3F0BFE6D1921557D0062159E /* Release */ = {
			isa = XCBuildConfiguration;
			buildSettings = {
				BUNDLE_LOADER = "$(BUILT_PRODUCTS_DIR)/WHWriterApp.app/WHWriterApp";
				FRAMEWORK_SEARCH_PATHS = (
					"$(SDKROOT)/Developer/Library/Frameworks",
					"$(inherited)",
					"$(DEVELOPER_FRAMEWORKS_DIR)",
				);
				GCC_PRECOMPILE_PREFIX_HEADER = YES;
				GCC_PREFIX_HEADER = "WHWriterApp/WHWriterApp-Prefix.pch";
				INFOPLIST_FILE = "WHWriterAppTests/WHWriterAppTests-Info.plist";
				PRODUCT_NAME = "$(TARGET_NAME)";
				TEST_HOST = "$(BUNDLE_LOADER)";
				WRAPPER_EXTENSION = xctest;
			};
			name = Release;
		};
/* End XCBuildConfiguration section */

/* Begin XCConfigurationList section */
		3F0BFE371921557D0062159E /* Build configuration list for PBXProject "WHWriterApp" */ = {
			isa = XCConfigurationList;
			buildConfigurations = (
				3F0BFE661921557D0062159E /* Debug */,
				3F0BFE671921557D0062159E /* Release */,
			);
			defaultConfigurationIsVisible = 0;
			defaultConfigurationName = Release;
		};
		3F0BFE681921557D0062159E /* Build configuration list for PBXNativeTarget "WHWriterApp" */ = {
			isa = XCConfigurationList;
			buildConfigurations = (
				3F0BFE691921557D0062159E /* Debug */,
				3F0BFE6A1921557D0062159E /* Release */,
			);
			defaultConfigurationIsVisible = 0;
			defaultConfigurationName = Release;
		};
		3F0BFE6B1921557D0062159E /* Build configuration list for PBXNativeTarget "WHWriterAppTests" */ = {
			isa = XCConfigurationList;
			buildConfigurations = (
				3F0BFE6C1921557D0062159E /* Debug */,
				3F0BFE6D1921557D0062159E /* Release */,
			);
			defaultConfigurationIsVisible = 0;
			defaultConfigurationName = Release;
		};
/* End XCConfigurationList section */
	};
	rootObject = 3F0BFE341921557D0062159E /* Project object */;
}
